// !$*UTF8*$!
{
	archiveVersion = 1;
	classes = {
	};
	objectVersion = 56;
	objects = {

/* Begin PBXBuildFile section */
		FA0FAF682B02182600804B3A /* AppDelegate.swift in Sources */ = {isa = PBXBuildFile; fileRef = FA0FAF672B02182600804B3A /* AppDelegate.swift */; };
		FA0FAF6A2B02182600804B3A /* SceneDelegate.swift in Sources */ = {isa = PBXBuildFile; fileRef = FA0FAF692B02182600804B3A /* SceneDelegate.swift */; };
		FA0FAF6C2B02182600804B3A /* TopRatedMoviesViewController.swift in Sources */ = {isa = PBXBuildFile; fileRef = FA0FAF6B2B02182600804B3A /* TopRatedMoviesViewController.swift */; };
		FA0FAF712B02182700804B3A /* Assets.xcassets in Resources */ = {isa = PBXBuildFile; fileRef = FA0FAF702B02182700804B3A /* Assets.xcassets */; };
		FA0FAF742B02182700804B3A /* LaunchScreen.storyboard in Resources */ = {isa = PBXBuildFile; fileRef = FA0FAF722B02182700804B3A /* LaunchScreen.storyboard */; };
		FA0FAF812B02240800804B3A /* UserScoreRatingView.swift in Sources */ = {isa = PBXBuildFile; fileRef = FA0FAF802B02240800804B3A /* UserScoreRatingView.swift */; };
		FA0FAF8D2B0227C500804B3A /* UIColor+adjustBrightness.swift in Sources */ = {isa = PBXBuildFile; fileRef = FA0FAF8C2B0227C500804B3A /* UIColor+adjustBrightness.swift */; };
		FA0FAF902B02289C00804B3A /* UserScoreRatingViewModel.swift in Sources */ = {isa = PBXBuildFile; fileRef = FA0FAF8F2B02289C00804B3A /* UserScoreRatingViewModel.swift */; };
		FA0FAF932B022A1100804B3A /* Design.swift in Sources */ = {isa = PBXBuildFile; fileRef = FA0FAF922B022A1100804B3A /* Design.swift */; };
		FA0FAF952B022A4C00804B3A /* TopRatedMoviesCell.swift in Sources */ = {isa = PBXBuildFile; fileRef = FA0FAF942B022A4C00804B3A /* TopRatedMoviesCell.swift */; };
		FA0FAF972B022A9500804B3A /* TopRatedMoviesCellViewModel.swift in Sources */ = {isa = PBXBuildFile; fileRef = FA0FAF962B022A9500804B3A /* TopRatedMoviesCellViewModel.swift */; };
/* End PBXBuildFile section */

/* Begin PBXFileReference section */
		FA0FAF642B02182600804B3A /* JatAppAssignment.app */ = {isa = PBXFileReference; explicitFileType = wrapper.application; includeInIndex = 0; path = JatAppAssignment.app; sourceTree = BUILT_PRODUCTS_DIR; };
		FA0FAF672B02182600804B3A /* AppDelegate.swift */ = {isa = PBXFileReference; lastKnownFileType = sourcecode.swift; path = AppDelegate.swift; sourceTree = "<group>"; };
		FA0FAF692B02182600804B3A /* SceneDelegate.swift */ = {isa = PBXFileReference; lastKnownFileType = sourcecode.swift; path = SceneDelegate.swift; sourceTree = "<group>"; };
		FA0FAF6B2B02182600804B3A /* TopRatedMoviesViewController.swift */ = {isa = PBXFileReference; lastKnownFileType = sourcecode.swift; path = TopRatedMoviesViewController.swift; sourceTree = "<group>"; };
		FA0FAF702B02182700804B3A /* Assets.xcassets */ = {isa = PBXFileReference; lastKnownFileType = folder.assetcatalog; path = Assets.xcassets; sourceTree = "<group>"; };
		FA0FAF732B02182700804B3A /* Base */ = {isa = PBXFileReference; lastKnownFileType = file.storyboard; name = Base; path = Base.lproj/LaunchScreen.storyboard; sourceTree = "<group>"; };
		FA0FAF752B02182700804B3A /* Info.plist */ = {isa = PBXFileReference; lastKnownFileType = text.plist.xml; path = Info.plist; sourceTree = "<group>"; };
		FA0FAF802B02240800804B3A /* UserScoreRatingView.swift */ = {isa = PBXFileReference; lastKnownFileType = sourcecode.swift; path = UserScoreRatingView.swift; sourceTree = "<group>"; };
		FA0FAF8C2B0227C500804B3A /* UIColor+adjustBrightness.swift */ = {isa = PBXFileReference; lastKnownFileType = sourcecode.swift; path = "UIColor+adjustBrightness.swift"; sourceTree = "<group>"; };
		FA0FAF8F2B02289C00804B3A /* UserScoreRatingViewModel.swift */ = {isa = PBXFileReference; lastKnownFileType = sourcecode.swift; path = UserScoreRatingViewModel.swift; sourceTree = "<group>"; };
		FA0FAF922B022A1100804B3A /* Design.swift */ = {isa = PBXFileReference; lastKnownFileType = sourcecode.swift; path = Design.swift; sourceTree = "<group>"; };
		FA0FAF942B022A4C00804B3A /* TopRatedMoviesCell.swift */ = {isa = PBXFileReference; lastKnownFileType = sourcecode.swift; path = TopRatedMoviesCell.swift; sourceTree = "<group>"; };
		FA0FAF962B022A9500804B3A /* TopRatedMoviesCellViewModel.swift */ = {isa = PBXFileReference; lastKnownFileType = sourcecode.swift; path = TopRatedMoviesCellViewModel.swift; sourceTree = "<group>"; };
/* End PBXFileReference section */

/* Begin PBXFrameworksBuildPhase section */
		FA0FAF612B02182600804B3A /* Frameworks */ = {
			isa = PBXFrameworksBuildPhase;
			buildActionMask = 2147483647;
			files = (
			);
			runOnlyForDeploymentPostprocessing = 0;
		};
/* End PBXFrameworksBuildPhase section */

/* Begin PBXGroup section */
		FA0FAF5B2B02182600804B3A = {
			isa = PBXGroup;
			children = (
				FA0FAF662B02182600804B3A /* JatAppAssignment */,
				FA0FAF652B02182600804B3A /* Products */,
			);
			sourceTree = "<group>";
		};
		FA0FAF652B02182600804B3A /* Products */ = {
			isa = PBXGroup;
			children = (
				FA0FAF642B02182600804B3A /* JatAppAssignment.app */,
			);
			name = Products;
			sourceTree = "<group>";
		};
		FA0FAF662B02182600804B3A /* JatAppAssignment */ = {
			isa = PBXGroup;
			children = (
				FA0FAF752B02182700804B3A /* Info.plist */,
				FA0FAF672B02182600804B3A /* AppDelegate.swift */,
				FA0FAF692B02182600804B3A /* SceneDelegate.swift */,
				FA0FAF8A2B0227AE00804B3A /* Shared */,
				FA0FAF7B2B02184400804B3A /* Supporting Files */,
				FA0FAF7C2B021FCD00804B3A /* Top Rated Movies */,
			);
			path = JatAppAssignment;
			sourceTree = "<group>";
		};
		FA0FAF7B2B02184400804B3A /* Supporting Files */ = {
			isa = PBXGroup;
			children = (
				FA0FAF702B02182700804B3A /* Assets.xcassets */,
				FA0FAF722B02182700804B3A /* LaunchScreen.storyboard */,
			);
			path = "Supporting Files";
			sourceTree = "<group>";
		};
		FA0FAF7C2B021FCD00804B3A /* Top Rated Movies */ = {
			isa = PBXGroup;
			children = (
				FA0FAF8E2B02289500804B3A /* Feature */,
				FA0FAF7D2B021FE400804B3A /* Presentation */,
			);
			path = "Top Rated Movies";
			sourceTree = "<group>";
		};
		FA0FAF7D2B021FE400804B3A /* Presentation */ = {
			isa = PBXGroup;
			children = (
				FA0FAF942B022A4C00804B3A /* TopRatedMoviesCell.swift */,
				FA0FAF6B2B02182600804B3A /* TopRatedMoviesViewController.swift */,
				FA0FAF802B02240800804B3A /* UserScoreRatingView.swift */,
			);
			path = Presentation;
			sourceTree = "<group>";
		};
		FA0FAF8A2B0227AE00804B3A /* Shared */ = {
			isa = PBXGroup;
			children = (
				FA0FAF8B2B0227B800804B3A /* Extensions */,
				FA0FAF912B022A0500804B3A /* Presentation */,
			);
			path = Shared;
			sourceTree = "<group>";
		};
		FA0FAF8B2B0227B800804B3A /* Extensions */ = {
			isa = PBXGroup;
			children = (
				FA0FAF8C2B0227C500804B3A /* UIColor+adjustBrightness.swift */,
			);
			path = Extensions;
			sourceTree = "<group>";
		};
		FA0FAF8E2B02289500804B3A /* Feature */ = {
			isa = PBXGroup;
			children = (
				FA0FAF962B022A9500804B3A /* TopRatedMoviesCellViewModel.swift */,
				FA0FAF8F2B02289C00804B3A /* UserScoreRatingViewModel.swift */,
			);
			path = Feature;
			sourceTree = "<group>";
		};
		FA0FAF912B022A0500804B3A /* Presentation */ = {
			isa = PBXGroup;
			children = (
				FA0FAF922B022A1100804B3A /* Design.swift */,
			);
			path = Presentation;
			sourceTree = "<group>";
		};
/* End PBXGroup section */

/* Begin PBXNativeTarget section */
		FA0FAF632B02182600804B3A /* JatAppAssignment */ = {
			isa = PBXNativeTarget;
			buildConfigurationList = FA0FAF782B02182700804B3A /* Build configuration list for PBXNativeTarget "JatAppAssignment" */;
			buildPhases = (
				FA0FAF602B02182600804B3A /* Sources */,
				FA0FAF612B02182600804B3A /* Frameworks */,
				FA0FAF622B02182600804B3A /* Resources */,
			);
			buildRules = (
			);
			dependencies = (
			);
			name = JatAppAssignment;
			productName = JatAppAssignment;
			productReference = FA0FAF642B02182600804B3A /* JatAppAssignment.app */;
			productType = "com.apple.product-type.application";
		};
/* End PBXNativeTarget section */

/* Begin PBXProject section */
		FA0FAF5C2B02182600804B3A /* Project object */ = {
			isa = PBXProject;
			attributes = {
				BuildIndependentTargetsInParallel = 1;
				LastSwiftUpdateCheck = 1500;
				LastUpgradeCheck = 1500;
				TargetAttributes = {
					FA0FAF632B02182600804B3A = {
						CreatedOnToolsVersion = 15.0.1;
					};
				};
			};
			buildConfigurationList = FA0FAF5F2B02182600804B3A /* Build configuration list for PBXProject "JatAppAssignment" */;
			compatibilityVersion = "Xcode 14.0";
			developmentRegion = en;
			hasScannedForEncodings = 0;
			knownRegions = (
				en,
				Base,
			);
			mainGroup = FA0FAF5B2B02182600804B3A;
			productRefGroup = FA0FAF652B02182600804B3A /* Products */;
			projectDirPath = "";
			projectRoot = "";
			targets = (
				FA0FAF632B02182600804B3A /* JatAppAssignment */,
			);
		};
/* End PBXProject section */

/* Begin PBXResourcesBuildPhase section */
		FA0FAF622B02182600804B3A /* Resources */ = {
			isa = PBXResourcesBuildPhase;
			buildActionMask = 2147483647;
			files = (
				FA0FAF742B02182700804B3A /* LaunchScreen.storyboard in Resources */,
				FA0FAF712B02182700804B3A /* Assets.xcassets in Resources */,
			);
			runOnlyForDeploymentPostprocessing = 0;
		};
/* End PBXResourcesBuildPhase section */

/* Begin PBXSourcesBuildPhase section */
		FA0FAF602B02182600804B3A /* Sources */ = {
			isa = PBXSourcesBuildPhase;
			buildActionMask = 2147483647;
			files = (
				FA0FAF6C2B02182600804B3A /* TopRatedMoviesViewController.swift in Sources */,
				FA0FAF932B022A1100804B3A /* Design.swift in Sources */,
				FA0FAF682B02182600804B3A /* AppDelegate.swift in Sources */,
				FA0FAF6A2B02182600804B3A /* SceneDelegate.swift in Sources */,
				FA0FAF972B022A9500804B3A /* TopRatedMoviesCellViewModel.swift in Sources */,
				FA0FAF952B022A4C00804B3A /* TopRatedMoviesCell.swift in Sources */,
				FA0FAF902B02289C00804B3A /* UserScoreRatingViewModel.swift in Sources */,
				FA0FAF812B02240800804B3A /* UserScoreRatingView.swift in Sources */,
				FA0FAF8D2B0227C500804B3A /* UIColor+adjustBrightness.swift in Sources */,
			);
			runOnlyForDeploymentPostprocessing = 0;
		};
/* End PBXSourcesBuildPhase section */

/* Begin PBXVariantGroup section */
		FA0FAF722B02182700804B3A /* LaunchScreen.storyboard */ = {
			isa = PBXVariantGroup;
			children = (
				FA0FAF732B02182700804B3A /* Base */,
			);
			name = LaunchScreen.storyboard;
			sourceTree = "<group>";
		};
/* End PBXVariantGroup section */

/* Begin XCBuildConfiguration section */
		FA0FAF762B02182700804B3A /* Debug */ = {
			isa = XCBuildConfiguration;
			buildSettings = {
				ALWAYS_SEARCH_USER_PATHS = NO;
				ASSETCATALOG_COMPILER_GENERATE_SWIFT_ASSET_SYMBOL_EXTENSIONS = YES;
				CLANG_ANALYZER_NONNULL = YES;
				CLANG_ANALYZER_NUMBER_OBJECT_CONVERSION = YES_AGGRESSIVE;
				CLANG_CXX_LANGUAGE_STANDARD = "gnu++20";
				CLANG_ENABLE_MODULES = YES;
				CLANG_ENABLE_OBJC_ARC = YES;
				CLANG_ENABLE_OBJC_WEAK = YES;
				CLANG_WARN_BLOCK_CAPTURE_AUTORELEASING = YES;
				CLANG_WARN_BOOL_CONVERSION = YES;
				CLANG_WARN_COMMA = YES;
				CLANG_WARN_CONSTANT_CONVERSION = YES;
				CLANG_WARN_DEPRECATED_OBJC_IMPLEMENTATIONS = YES;
				CLANG_WARN_DIRECT_OBJC_ISA_USAGE = YES_ERROR;
				CLANG_WARN_DOCUMENTATION_COMMENTS = YES;
				CLANG_WARN_EMPTY_BODY = YES;
				CLANG_WARN_ENUM_CONVERSION = YES;
				CLANG_WARN_INFINITE_RECURSION = YES;
				CLANG_WARN_INT_CONVERSION = YES;
				CLANG_WARN_NON_LITERAL_NULL_CONVERSION = YES;
				CLANG_WARN_OBJC_IMPLICIT_RETAIN_SELF = YES;
				CLANG_WARN_OBJC_LITERAL_CONVERSION = YES;
				CLANG_WARN_OBJC_ROOT_CLASS = YES_ERROR;
				CLANG_WARN_QUOTED_INCLUDE_IN_FRAMEWORK_HEADER = YES;
				CLANG_WARN_RANGE_LOOP_ANALYSIS = YES;
				CLANG_WARN_STRICT_PROTOTYPES = YES;
				CLANG_WARN_SUSPICIOUS_MOVE = YES;
				CLANG_WARN_UNGUARDED_AVAILABILITY = YES_AGGRESSIVE;
				CLANG_WARN_UNREACHABLE_CODE = YES;
				CLANG_WARN__DUPLICATE_METHOD_MATCH = YES;
				COPY_PHASE_STRIP = NO;
				DEBUG_INFORMATION_FORMAT = dwarf;
				ENABLE_STRICT_OBJC_MSGSEND = YES;
				ENABLE_TESTABILITY = YES;
				ENABLE_USER_SCRIPT_SANDBOXING = YES;
				GCC_C_LANGUAGE_STANDARD = gnu17;
				GCC_DYNAMIC_NO_PIC = NO;
				GCC_NO_COMMON_BLOCKS = YES;
				GCC_OPTIMIZATION_LEVEL = 0;
				GCC_PREPROCESSOR_DEFINITIONS = (
					"DEBUG=1",
					"$(inherited)",
				);
				GCC_WARN_64_TO_32_BIT_CONVERSION = YES;
				GCC_WARN_ABOUT_RETURN_TYPE = YES_ERROR;
				GCC_WARN_UNDECLARED_SELECTOR = YES;
				GCC_WARN_UNINITIALIZED_AUTOS = YES_AGGRESSIVE;
				GCC_WARN_UNUSED_FUNCTION = YES;
				GCC_WARN_UNUSED_VARIABLE = YES;
				IPHONEOS_DEPLOYMENT_TARGET = 17.0;
				LOCALIZATION_PREFERS_STRING_CATALOGS = YES;
				MTL_ENABLE_DEBUG_INFO = INCLUDE_SOURCE;
				MTL_FAST_MATH = YES;
				ONLY_ACTIVE_ARCH = YES;
				SDKROOT = iphoneos;
				SWIFT_ACTIVE_COMPILATION_CONDITIONS = "DEBUG $(inherited)";
				SWIFT_OPTIMIZATION_LEVEL = "-Onone";
			};
			name = Debug;
		};
		FA0FAF772B02182700804B3A /* Release */ = {
			isa = XCBuildConfiguration;
			buildSettings = {
				ALWAYS_SEARCH_USER_PATHS = NO;
				ASSETCATALOG_COMPILER_GENERATE_SWIFT_ASSET_SYMBOL_EXTENSIONS = YES;
				CLANG_ANALYZER_NONNULL = YES;
				CLANG_ANALYZER_NUMBER_OBJECT_CONVERSION = YES_AGGRESSIVE;
				CLANG_CXX_LANGUAGE_STANDARD = "gnu++20";
				CLANG_ENABLE_MODULES = YES;
				CLANG_ENABLE_OBJC_ARC = YES;
				CLANG_ENABLE_OBJC_WEAK = YES;
				CLANG_WARN_BLOCK_CAPTURE_AUTORELEASING = YES;
				CLANG_WARN_BOOL_CONVERSION = YES;
				CLANG_WARN_COMMA = YES;
				CLANG_WARN_CONSTANT_CONVERSION = YES;
				CLANG_WARN_DEPRECATED_OBJC_IMPLEMENTATIONS = YES;
				CLANG_WARN_DIRECT_OBJC_ISA_USAGE = YES_ERROR;
				CLANG_WARN_DOCUMENTATION_COMMENTS = YES;
				CLANG_WARN_EMPTY_BODY = YES;
				CLANG_WARN_ENUM_CONVERSION = YES;
				CLANG_WARN_INFINITE_RECURSION = YES;
				CLANG_WARN_INT_CONVERSION = YES;
				CLANG_WARN_NON_LITERAL_NULL_CONVERSION = YES;
				CLANG_WARN_OBJC_IMPLICIT_RETAIN_SELF = YES;
				CLANG_WARN_OBJC_LITERAL_CONVERSION = YES;
				CLANG_WARN_OBJC_ROOT_CLASS = YES_ERROR;
				CLANG_WARN_QUOTED_INCLUDE_IN_FRAMEWORK_HEADER = YES;
				CLANG_WARN_RANGE_LOOP_ANALYSIS = YES;
				CLANG_WARN_STRICT_PROTOTYPES = YES;
				CLANG_WARN_SUSPICIOUS_MOVE = YES;
				CLANG_WARN_UNGUARDED_AVAILABILITY = YES_AGGRESSIVE;
				CLANG_WARN_UNREACHABLE_CODE = YES;
				CLANG_WARN__DUPLICATE_METHOD_MATCH = YES;
				COPY_PHASE_STRIP = NO;
				DEBUG_INFORMATION_FORMAT = "dwarf-with-dsym";
				ENABLE_NS_ASSERTIONS = NO;
				ENABLE_STRICT_OBJC_MSGSEND = YES;
				ENABLE_USER_SCRIPT_SANDBOXING = YES;
				GCC_C_LANGUAGE_STANDARD = gnu17;
				GCC_NO_COMMON_BLOCKS = YES;
				GCC_WARN_64_TO_32_BIT_CONVERSION = YES;
				GCC_WARN_ABOUT_RETURN_TYPE = YES_ERROR;
				GCC_WARN_UNDECLARED_SELECTOR = YES;
				GCC_WARN_UNINITIALIZED_AUTOS = YES_AGGRESSIVE;
				GCC_WARN_UNUSED_FUNCTION = YES;
				GCC_WARN_UNUSED_VARIABLE = YES;
				IPHONEOS_DEPLOYMENT_TARGET = 17.0;
				LOCALIZATION_PREFERS_STRING_CATALOGS = YES;
				MTL_ENABLE_DEBUG_INFO = NO;
				MTL_FAST_MATH = YES;
				SDKROOT = iphoneos;
				SWIFT_COMPILATION_MODE = wholemodule;
				VALIDATE_PRODUCT = YES;
			};
			name = Release;
		};
		FA0FAF792B02182700804B3A /* Debug */ = {
			isa = XCBuildConfiguration;
			buildSettings = {
				ASSETCATALOG_COMPILER_APPICON_NAME = AppIcon;
				ASSETCATALOG_COMPILER_GLOBAL_ACCENT_COLOR_NAME = AccentColor;
				CODE_SIGN_STYLE = Automatic;
				CURRENT_PROJECT_VERSION = 1;
				DEVELOPMENT_TEAM = RY7J7JNFL2;
				GENERATE_INFOPLIST_FILE = YES;
				INFOPLIST_FILE = JatAppAssignment/Info.plist;
				INFOPLIST_KEY_CFBundleDisplayName = JatApp;
				INFOPLIST_KEY_UIApplicationSupportsIndirectInputEvents = YES;
				INFOPLIST_KEY_UILaunchStoryboardName = LaunchScreen.storyboard;
				INFOPLIST_KEY_UISupportedInterfaceOrientations_iPad = "UIInterfaceOrientationPortrait UIInterfaceOrientationPortraitUpsideDown UIInterfaceOrientationLandscapeLeft UIInterfaceOrientationLandscapeRight";
				INFOPLIST_KEY_UISupportedInterfaceOrientations_iPhone = "UIInterfaceOrientationPortrait UIInterfaceOrientationLandscapeLeft UIInterfaceOrientationLandscapeRight";
				IPHONEOS_DEPLOYMENT_TARGET = 16.0;
				LD_RUNPATH_SEARCH_PATHS = (
					"$(inherited)",
					"@executable_path/Frameworks",
				);
				MARKETING_VERSION = 1.0;
				PRODUCT_BUNDLE_IDENTIFIER = "com.vitalii-ivashchenko.JatAppAssignment";
				PRODUCT_NAME = "$(TARGET_NAME)";
				SWIFT_EMIT_LOC_STRINGS = YES;
				SWIFT_VERSION = 5.0;
				TARGETED_DEVICE_FAMILY = "1,2";
			};
			name = Debug;
		};
		FA0FAF7A2B02182700804B3A /* Release */ = {
			isa = XCBuildConfiguration;
			buildSettings = {
				ASSETCATALOG_COMPILER_APPICON_NAME = AppIcon;
				ASSETCATALOG_COMPILER_GLOBAL_ACCENT_COLOR_NAME = AccentColor;
				CODE_SIGN_STYLE = Automatic;
				CURRENT_PROJECT_VERSION = 1;
				DEVELOPMENT_TEAM = RY7J7JNFL2;
				GENERATE_INFOPLIST_FILE = YES;
				INFOPLIST_FILE = JatAppAssignment/Info.plist;
				INFOPLIST_KEY_CFBundleDisplayName = JatApp;
				INFOPLIST_KEY_UIApplicationSupportsIndirectInputEvents = YES;
				INFOPLIST_KEY_UILaunchStoryboardName = LaunchScreen.storyboard;
				INFOPLIST_KEY_UISupportedInterfaceOrientations_iPad = "UIInterfaceOrientationPortrait UIInterfaceOrientationPortraitUpsideDown UIInterfaceOrientationLandscapeLeft UIInterfaceOrientationLandscapeRight";
				INFOPLIST_KEY_UISupportedInterfaceOrientations_iPhone = "UIInterfaceOrientationPortrait UIInterfaceOrientationLandscapeLeft UIInterfaceOrientationLandscapeRight";
				IPHONEOS_DEPLOYMENT_TARGET = 16.0;
				LD_RUNPATH_SEARCH_PATHS = (
					"$(inherited)",
					"@executable_path/Frameworks",
				);
				MARKETING_VERSION = 1.0;
				PRODUCT_BUNDLE_IDENTIFIER = "com.vitalii-ivashchenko.JatAppAssignment";
				PRODUCT_NAME = "$(TARGET_NAME)";
				SWIFT_EMIT_LOC_STRINGS = YES;
				SWIFT_VERSION = 5.0;
				TARGETED_DEVICE_FAMILY = "1,2";
			};
			name = Release;
		};
/* End XCBuildConfiguration section */

/* Begin XCConfigurationList section */
		FA0FAF5F2B02182600804B3A /* Build configuration list for PBXProject "JatAppAssignment" */ = {
			isa = XCConfigurationList;
			buildConfigurations = (
				FA0FAF762B02182700804B3A /* Debug */,
				FA0FAF772B02182700804B3A /* Release */,
			);
			defaultConfigurationIsVisible = 0;
			defaultConfigurationName = Release;
		};
		FA0FAF782B02182700804B3A /* Build configuration list for PBXNativeTarget "JatAppAssignment" */ = {
			isa = XCConfigurationList;
			buildConfigurations = (
				FA0FAF792B02182700804B3A /* Debug */,
				FA0FAF7A2B02182700804B3A /* Release */,
			);
			defaultConfigurationIsVisible = 0;
			defaultConfigurationName = Release;
		};
/* End XCConfigurationList section */
	};
	rootObject = FA0FAF5C2B02182600804B3A /* Project object */;
}
